<?xml version="1.0" encoding="utf-8"?>
<Project ToolsVersion="4.0" xmlns="http://schemas.microsoft.com/developer/msbuild/2003">
  <ItemGroup>
    <Filter Include="源文件">
      <UniqueIdentifier>{4FC737F1-C7A5-4376-A066-2A32D752A2FF}</UniqueIdentifier>
      <Extensions>cpp;c;cc;cxx;c++;cppm;ixx;def;odl;idl;hpj;bat;asm;asmx</Extensions>
    </Filter>
    <Filter Include="头文件">
      <UniqueIdentifier>{93995380-89BD-4b04-88EB-625FBE52EBFB}</UniqueIdentifier>
      <Extensions>h;hh;hpp;hxx;h++;hm;inl;inc;ipp;xsd</Extensions>
    </Filter>
    <Filter Include="shaders">
      <UniqueIdentifier>{f32a2097-bfbf-4bc0-979c-cde34d7e85a5}</UniqueIdentifier>
      <Extensions>vs;fs</Extensions>
    </Filter>
    <Filter Include="资源文件">
      <UniqueIdentifier>{67DA6AB6-F800-4c08-8B7A-83BB121AAD01}</UniqueIdentifier>
      <Extensions>rc;ico;cur;bmp;dlg;rc2;rct;bin;rgs;gif;jpg;jpeg;jpe;resx;tiff;tif;png;wav;mfcribbon-ms</Extensions>
    </Filter>
    <Filter Include="资源文件\models">
      <UniqueIdentifier>{dd0da4e8-b2ad-4fcf-9dee-e40b23def1aa}</UniqueIdentifier>
    </Filter>
    <Filter Include="资源文件\IBL">
      <UniqueIdentifier>{f0247832-bced-4286-bfb2-9dbd06b8140f}</UniqueIdentifier>
    </Filter>
  </ItemGroup>
  <ItemGroup>
    <ClCompile Include="..\glad.c">
      <Filter>源文件</Filter>
    </ClCompile>
    <ClCompile Include="main.cpp">
      <Filter>源文件</Filter>
    </ClCompile>
    <ClCompile Include="Shader.cpp">
      <Filter>源文件</Filter>
    </ClCompile>
    <ClCompile Include="Cube.cpp">
      <Filter>源文件</Filter>
    </ClCompile>
    <ClCompile Include="Sphere.cpp">
      <Filter>源文件</Filter>
    </ClCompile>
    <ClCompile Include="Texture.cpp">
      <Filter>源文件</Filter>
    </ClCompile>
    <ClCompile Include="Cubemap.cpp">
      <Filter>源文件</Filter>
    </ClCompile>
    <ClCompile Include="Quad.cpp">
      <Filter>源文件</Filter>
    </ClCompile>
    <ClCompile Include="Mesh.cpp">
      <Filter>源文件</Filter>
    </ClCompile>
    <ClCompile Include="Model.cpp">
      <Filter>源文件</Filter>
    </ClCompile>
  </ItemGroup>
  <ItemGroup>
    <ClInclude Include="Shader.h">
      <Filter>头文件</Filter>
    </ClInclude>
    <ClInclude Include="resource.h">
      <Filter>头文件</Filter>
    </ClInclude>
    <ClInclude Include="Camera.h">
      <Filter>头文件</Filter>
    </ClInclude>
    <ClInclude Include="Cube.h">
      <Filter>头文件</Filter>
    </ClInclude>
    <ClInclude Include="Light.h">
      <Filter>头文件</Filter>
    </ClInclude>
    <ClInclude Include="Skybox.h">
      <Filter>头文件</Filter>
    </ClInclude>
    <ClInclude Include="Sphere.h">
      <Filter>头文件</Filter>
    </ClInclude>
    <ClInclude Include="Texture.h">
      <Filter>头文件</Filter>
    </ClInclude>
    <ClInclude Include="Cubemap.h">
      <Filter>头文件</Filter>
    </ClInclude>
    <ClInclude Include="Transform.h">
      <Filter>头文件</Filter>
    </ClInclude>
    <ClInclude Include="Material.h">
      <Filter>头文件</Filter>
    </ClInclude>
    <ClInclude Include="IBL.h">
      <Filter>头文件</Filter>
    </ClInclude>
    <ClInclude Include="Quad.h">
      <Filter>头文件</Filter>
    </ClInclude>
    <ClInclude Include="Mesh.h">
      <Filter>头文件</Filter>
    </ClInclude>
    <ClInclude Include="Model.h">
      <Filter>头文件</Filter>
    </ClInclude>
  </ItemGroup>
  <ItemGroup>
    <None Include="resources\shaders\simple.fs">
      <Filter>shaders</Filter>
    </None>
    <None Include="resources\shaders\simple.vs">
      <Filter>shaders</Filter>
    </None>
    <None Include="resources\shaders\phong.vs">
      <Filter>shaders</Filter>
    </None>
    <None Include="resources\shaders\phong.fs">
      <Filter>shaders</Filter>
    </None>
    <None Include="resources\shaders\light.fs">
      <Filter>shaders</Filter>
    </None>
    <None Include="resources\shaders\light.vs">
      <Filter>shaders</Filter>
    </None>
    <None Include="resources\shaders\skybox.vs">
      <Filter>shaders</Filter>
    </None>
    <None Include="resources\shaders\skybox.fs">
      <Filter>shaders</Filter>
    </None>
    <None Include="resources\shaders\reflection.vs">
      <Filter>shaders</Filter>
    </None>
    <None Include="resources\shaders\reflection.fs">
      <Filter>shaders</Filter>
    </None>
    <None Include="resources\shaders\refraction.vs">
      <Filter>shaders</Filter>
    </None>
    <None Include="resources\shaders\refraction.fs">
      <Filter>shaders</Filter>
    </None>
    <None Include="resources\shaders\depth.fs">
      <Filter>shaders</Filter>
    </None>
    <None Include="resources\shaders\depth.vs">
      <Filter>shaders</Filter>
    </None>
    <None Include="resources\shaders\explode.vs">
      <Filter>shaders</Filter>
    </None>
    <None Include="resources\shaders\explode.fs">
      <Filter>shaders</Filter>
    </None>
    <None Include="resources\shaders\explode.gs">
      <Filter>shaders</Filter>
    </None>
    <None Include="resources\shaders\normal.vs">
      <Filter>shaders</Filter>
    </None>
    <None Include="resources\shaders\normal.fs">
      <Filter>shaders</Filter>
    </None>
    <None Include="resources\shaders\normal.gs">
      <Filter>shaders</Filter>
    </None>
    <None Include="resources\shaders\phong_normal.vs">
      <Filter>shaders</Filter>
    </None>
    <None Include="resources\shaders\phong_normal.fs">
      <Filter>shaders</Filter>
    </None>
    <None Include="resources\shaders\pbr.vs">
      <Filter>shaders</Filter>
    </None>
    <None Include="resources\shaders\pbr.fs">
      <Filter>shaders</Filter>
    </None>
    <None Include="resources\shaders\equirectangular.vs">
      <Filter>shaders</Filter>
    </None>
    <None Include="resources\shaders\equirectangular.fs">
      <Filter>shaders</Filter>
    </None>
    <None Include="resources\shaders\prefilter.vs">
      <Filter>shaders</Filter>
    </None>
    <None Include="resources\shaders\prefilter.fs">
      <Filter>shaders</Filter>
    </None>
    <None Include="resources\shaders\brdf.fs">
      <Filter>shaders</Filter>
    </None>
    <None Include="resources\shaders\brdf.vs">
      <Filter>shaders</Filter>
    </None>
    <None Include="assimp-vc142-mtd.dll" />
    <None Include="resources\models\Cerberus\Cerberus.bin">
      <Filter>资源文件\models</Filter>
    </None>
    <None Include="resources\models\Cerberus\Cerberus.gltf">
      <Filter>资源文件\models</Filter>
    </None>
    <None Include="resources\IBL\Alexs_Apartment\Alexs_Apt_Env.hdr">
      <Filter>资源文件\IBL</Filter>
    </None>
    <None Include="resources\IBL\Alexs_Apartment\Alexs_Apt_2k.hdr">
      <Filter>资源文件\IBL</Filter>
    </None>
    <None Include="resources\IBL\Circus_Backstage\Circus_Backstage_3k.hdr">
      <Filter>资源文件\IBL</Filter>
    </None>
    <None Include="resources\IBL\Circus_Backstage\Circus_Backstage_Env.hdr">
      <Filter>资源文件\IBL</Filter>
    </None>
    <None Include="resources\IBL\Desert_Highway\Road_to_MonumentValley_Ref.hdr">
      <Filter>资源文件\IBL</Filter>
    </None>
    <None Include="resources\IBL\empty_room\medium_res.hdr">
      <Filter>资源文件\IBL</Filter>
    </None>
    <None Include="resources\IBL\empty_room\diffuse.hdr">
      <Filter>资源文件\IBL</Filter>
    </None>
    <None Include="resources\IBL\QueenMary_Chimney\QueenMary_Chimney_Ref.hdr">
      <Filter>资源文件\IBL</Filter>
    </None>
    <None Include="resources\IBL\snow_machine\test8_Env.hdr">
      <Filter>资源文件\IBL</Filter>
    </None>
    <None Include="resources\IBL\snow_machine\test8_Ref.hdr">
      <Filter>资源文件\IBL</Filter>
    </None>
    <None Include="resources\IBL\Subway_Lights\20_Subway_Lights_Env.hdr">
      <Filter>资源文件\IBL</Filter>
    </None>
    <None Include="resources\IBL\Subway_Lights\20_Subway_Lights_3k.hdr">
      <Filter>资源文件\IBL</Filter>
    </None>
    <None Include="resources\IBL\Tokyo_BigSight\Tokyo_BigSight_3k.hdr">
      <Filter>资源文件\IBL</Filter>
    </None>
    <None Include="resources\IBL\Ueno-Shrine\03-Ueno-Shrine_Env.hdr">
      <Filter>资源文件\IBL</Filter>
    </None>
    <None Include="resources\IBL\Ueno-Shrine\03-Ueno-Shrine_3k.hdr">
      <Filter>资源文件\IBL</Filter>
    </None>
    <None Include="resources\IBL\Walk_Of_Fame\Mans_Outside_Env.hdr">
      <Filter>资源文件\IBL</Filter>
    </None>
    <None Include="resources\IBL\Walk_Of_Fame\Mans_Outside_2k.hdr">
      <Filter>资源文件\IBL</Filter>
    </None>
    <None Include="resources\IBL\Desert_Highway\Road_to_MonumentValley_Env.hdr">
      <Filter>资源文件\IBL</Filter>
    </None>
    <None Include="resources\IBL\QueenMary_Chimney\QueenMary_Chimney_Env.hdr">
      <Filter>资源文件\IBL</Filter>
    </None>
    <None Include="resources\IBL\Tokyo_BigSight\Tokyo_BigSight_Env.hdr">
      <Filter>资源文件\IBL</Filter>
    </None>
  </ItemGroup>
  <ItemGroup>
    <Image Include="resources\models\Cerberus\Cerberus_A.png">
      <Filter>资源文件\models</Filter>
    </Image>
    <Image Include="resources\models\Cerberus\Cerberus_AO-Cerberus_R-Cerberus_M.png">
      <Filter>资源文件\models</Filter>
    </Image>
    <Image Include="resources\models\Cerberus\Cerberus_N.png">
      <Filter>资源文件\models</Filter>
    </Image>
    <Image Include="resources\IBL\Alexs_Apartment\Alexs_Apt_8k.jpg">
      <Filter>资源文件\IBL</Filter>
    </Image>
    <Image Include="resources\IBL\Circus_Backstage\Circus_Backstage_8k.jpg">
      <Filter>资源文件\IBL</Filter>
    </Image>
    <Image Include="resources\IBL\Desert_Highway\Road_to_MonumentValley_8k.jpg">
      <Filter>资源文件\IBL</Filter>
    </Image>
    <Image Include="resources\IBL\empty_room\Hires_pano.jpg">
      <Filter>资源文件\IBL</Filter>
    </Image>
    <Image Include="resources\IBL\QueenMary_Chimney\QueenMary_Chimney_8k.jpg">
      <Filter>资源文件\IBL</Filter>
    </Image>
    <Image Include="resources\IBL\snow_machine\test8_Bg.jpg">
      <Filter>资源文件\IBL</Filter>
    </Image>
    <Image Include="resources\IBL\Subway_Lights\20_Subway_Lights_8k.jpg">
      <Filter>资源文件\IBL</Filter>
    </Image>
    <Image Include="resources\IBL\Tokyo_BigSight\Tokyo_BigSight_8k.jpg">
      <Filter>资源文件\IBL</Filter>
    </Image>
    <Image Include="resources\IBL\Ueno-Shrine\03-Ueno-Shrine_8k.jpg">
      <Filter>资源文件\IBL</Filter>
    </Image>
    <Image Include="resources\IBL\Walk_Of_Fame\Mans_Outside_8k_TMap.jpg">
      <Filter>资源文件\IBL</Filter>
    </Image>
  </ItemGroup>
</Project>